<?xml version="1.0" encoding="utf-8"?>
<Project ToolsVersion="4.0" xmlns="http://schemas.microsoft.com/developer/msbuild/2003">
  <ItemGroup>
    <Filter Include="Source Files">
      <UniqueIdentifier>{4FC737F1-C7A5-4376-A066-2A32D752A2FF}</UniqueIdentifier>
      <Extensions>cpp;c;cc;cxx;c++;cppm;ixx;def;odl;idl;hpj;bat;asm;asmx</Extensions>
    </Filter>
    <Filter Include="Header Files">
      <UniqueIdentifier>{93995380-89BD-4b04-88EB-625FBE52EBFB}</UniqueIdentifier>
      <Extensions>h;hh;hpp;hxx;h++;hm;inl;inc;ipp;xsd</Extensions>
    </Filter>
    <Filter Include="Resource Files">
      <UniqueIdentifier>{67DA6AB6-F800-4c08-8B7A-83BB121AAD01}</UniqueIdentifier>
      <Extensions>rc;ico;cur;bmp;dlg;rc2;rct;bin;rgs;gif;jpg;jpeg;jpe;resx;tiff;tif;png;wav;mfcribbon-ms</Extensions>
    </Filter>
    <Filter Include="Source Files\3rd">
      <UniqueIdentifier>{e19cabe6-52fe-40b7-9af7-064f34b5de50}</UniqueIdentifier>
    </Filter>
  </ItemGroup>
  <ItemGroup>
    <ClInclude Include="hlEngine.h">
      <Filter>Header Files</Filter>
    </ClInclude>
    <ClInclude Include="hlInput.h">
      <Filter>Header Files</Filter>
    </ClInclude>
    <ClInclude Include="hlBaseCamera.h">
      <Filter>Header Files</Filter>
    </ClInclude>
    <ClInclude Include="hlDefines.h">
      <Filter>Header Files</Filter>
    </ClInclude>
    <ClInclude Include="hlShader.h">
      <Filter>Header Files</Filter>
    </ClInclude>
    <ClInclude Include="hlMesh.h">
      <Filter>Header Files</Filter>
    </ClInclude>
    <ClInclude Include="stbImage.h">
      <Filter>Header Files</Filter>
    </ClInclude>
    <ClInclude Include="hlModel.h">
      <Filter>Header Files</Filter>
    </ClInclude>
  </ItemGroup>
  <ItemGroup>
    <ClCompile Include="hlEngine.cpp">
      <Filter>Source Files</Filter>
    </ClCompile>
    <ClCompile Include="hlInput.cpp">
      <Filter>Source Files</Filter>
    </ClCompile>
    <ClCompile Include="hlBaseCamera.cpp">
      <Filter>Source Files</Filter>
    </ClCompile>
    <ClCompile Include="hlDefines.cpp">
      <Filter>Source Files</Filter>
    </ClCompile>
    <ClCompile Include="..\hlRender\hlRender.cpp">
      <Filter>Source Files\3rd</Filter>
    </ClCompile>
    <ClCompile Include="..\hlRender\hlrDefines.cpp">
      <Filter>Source Files\3rd</Filter>
    </ClCompile>
    <ClCompile Include="..\hlCore\hlLogger.cpp">
      <Filter>Source Files\3rd</Filter>
    </ClCompile>
    <ClCompile Include="hlShader.cpp">
      <Filter>Source Files</Filter>
    </ClCompile>
    <ClCompile Include="hlMesh.cpp">
      <Filter>Source Files</Filter>
    </ClCompile>
    <ClCompile Include="stbImage.cpp">
      <Filter>Source Files</Filter>
    </ClCompile>
    <ClCompile Include="hlModel.cpp">
      <Filter>Source Files</Filter>
    </ClCompile>
    <ClCompile Include="..\..\Gear\3rdParty\opengl\glad.c">
      <Filter>Source Files\3rd</Filter>
    </ClCompile>
    <ClCompile Include="..\hlResources\hlResources.cpp">
      <Filter>Source Files\3rd</Filter>
    </ClCompile>
  </ItemGroup>
</Project>